
Microsoft Visual Studio Solution File, Format Version 12.00
# Visual Studio 14
VisualStudioVersion = 14.0.25420.1
MinimumVisualStudioVersion = 10.0.40219.1
Project("{FAE04EC0-301F-11D3-BF4B-00C04F79EFBC}") = "Homework1", "Homework1.csproj", "{655267BE-300C-4168-BF77-B0BEF68652FC}"
EndProject
Project("{FAE04EC0-301F-11D3-BF4B-00C04F79EFBC}") = "HW1WindowsFormsApplication", "HW1WindowsFormsApplication\HW1WindowsFormsApplication.csproj", "{1A38681D-98B4-42E7-AB5B-21F1919272C6}"
	ProjectSection(ProjectDependencies) = postProject
		{655267BE-300C-4168-BF77-B0BEF68652FC} = {655267BE-300C-4168-BF77-B0BEF68652FC}
	EndProjectSection
EndProject
Project("{FAE04EC0-301F-11D3-BF4B-00C04F79EFBC}") = "WebApplication1", "WebApplication1\WebApplication1.csproj", "{AC717E31-7226-4DC7-8BEE-8DC581F0E8B3}"
	ProjectSection(ProjectDependencies) = postProject
		{655267BE-300C-4168-BF77-B0BEF68652FC} = {655267BE-300C-4168-BF77-B0BEF68652FC}
	EndProjectSection
EndProject
Global
	GlobalSection(SolutionConfigurationPlatforms) = preSolution
		Debug|Any CPU = Debug|Any CPU
		Release|Any CPU = Release|Any CPU
	EndGlobalSection
	GlobalSection(ProjectConfigurationPlatforms) = postSolution
		{655267BE-300C-4168-BF77-B0BEF68652FC}.Debug|Any CPU.ActiveCfg = Debug|Any CPU
		{655267BE-300C-4168-BF77-B0BEF68652FC}.Debug|Any CPU.Build.0 = Debug|Any CPU
		{655267BE-300C-4168-BF77-B0BEF68652FC}.Release|Any CPU.ActiveCfg = Release|Any CPU
		{655267BE-300C-4168-BF77-B0BEF68652FC}.Release|Any CPU.Build.0 = Release|Any CPU
		{1A38681D-98B4-42E7-AB5B-21F1919272C6}.Debug|Any CPU.ActiveCfg = Debug|Any CPU
		{1A38681D-98B4-42E7-AB5B-21F1919272C6}.Debug|Any CPU.Build.0 = Debug|Any CPU
		{1A38681D-98B4-42E7-AB5B-21F1919272C6}.Release|Any CPU.ActiveCfg = Release|Any CPU
		{1A38681D-98B4-42E7-AB5B-21F1919272C6}.Release|Any CPU.Build.0 = Release|Any CPU
		{AC717E31-7226-4DC7-8BEE-8DC581F0E8B3}.Debug|Any CPU.ActiveCfg = Debug|Any CPU
		{AC717E31-7226-4DC7-8BEE-8DC581F0E8B3}.Debug|Any CPU.Build.0 = Debug|Any CPU
		{AC717E31-7226-4DC7-8BEE-8DC581F0E8B3}.Release|Any CPU.ActiveCfg = Release|Any CPU
		{AC717E31-7226-4DC7-8BEE-8DC581F0E8B3}.Release|Any CPU.Build.0 = Release|Any CPU
	EndGlobalSection
	GlobalSection(SolutionProperties) = preSolution
		HideSolutionNode = FALSE
	EndGlobalSection
EndGlobal
